
Microsoft Visual Studio Solution File, Format Version 12.00
# Visual Studio Version 17
VisualStudioVersion = 17.8.34408.163
MinimumVisualStudioVersion = 10.0.40219.1
Project("{FAE04EC0-301F-11D3-BF4B-00C04F79EFBC}") = "OficinaVH.API", "OficinaVH.API\OficinaVH.API.csproj", "{4C8C666D-2F63-44F0-B34D-746EF6A013D3}"
EndProject
Project("{FAE04EC0-301F-11D3-BF4B-00C04F79EFBC}") = "OficinaVH.Application", "OficinaVH.Application\OficinaVH.Application.csproj", "{FC10F9FC-BF2F-48F3-B58D-A46426BD32E1}"
EndProject
Project("{FAE04EC0-301F-11D3-BF4B-00C04F79EFBC}") = "OficinaVH.Infra", "OficinaVH.Infra\OficinaVH.Infra.csproj", "{FDF2158C-BA4E-44CE-B88C-55951F2501D0}"
EndProject
Project("{FAE04EC0-301F-11D3-BF4B-00C04F79EFBC}") = "OficinaVH.Domain", "OficinaVH.Domain\OficinaVH.Domain.csproj", "{20091867-B584-4271-A149-9E97BA18279E}"
EndProject
Global
	GlobalSection(SolutionConfigurationPlatforms) = preSolution
		Debug|Any CPU = Debug|Any CPU
		Release|Any CPU = Release|Any CPU
	EndGlobalSection
	GlobalSection(ProjectConfigurationPlatforms) = postSolution
		{4C8C666D-2F63-44F0-B34D-746EF6A013D3}.Debug|Any CPU.ActiveCfg = Debug|Any CPU
		{4C8C666D-2F63-44F0-B34D-746EF6A013D3}.Debug|Any CPU.Build.0 = Debug|Any CPU
		{4C8C666D-2F63-44F0-B34D-746EF6A013D3}.Release|Any CPU.ActiveCfg = Release|Any CPU
		{4C8C666D-2F63-44F0-B34D-746EF6A013D3}.Release|Any CPU.Build.0 = Release|Any CPU
		{FC10F9FC-BF2F-48F3-B58D-A46426BD32E1}.Debug|Any CPU.ActiveCfg = Debug|Any CPU
		{FC10F9FC-BF2F-48F3-B58D-A46426BD32E1}.Debug|Any CPU.Build.0 = Debug|Any CPU
		{FC10F9FC-BF2F-48F3-B58D-A46426BD32E1}.Release|Any CPU.ActiveCfg = Release|Any CPU
		{FC10F9FC-BF2F-48F3-B58D-A46426BD32E1}.Release|Any CPU.Build.0 = Release|Any CPU
		{FDF2158C-BA4E-44CE-B88C-55951F2501D0}.Debug|Any CPU.ActiveCfg = Debug|Any CPU
		{FDF2158C-BA4E-44CE-B88C-55951F2501D0}.Debug|Any CPU.Build.0 = Debug|Any CPU
		{FDF2158C-BA4E-44CE-B88C-55951F2501D0}.Release|Any CPU.ActiveCfg = Release|Any CPU
		{FDF2158C-BA4E-44CE-B88C-55951F2501D0}.Release|Any CPU.Build.0 = Release|Any CPU
		{20091867-B584-4271-A149-9E97BA18279E}.Debug|Any CPU.ActiveCfg = Debug|Any CPU
		{20091867-B584-4271-A149-9E97BA18279E}.Debug|Any CPU.Build.0 = Debug|Any CPU
		{20091867-B584-4271-A149-9E97BA18279E}.Release|Any CPU.ActiveCfg = Release|Any CPU
		{20091867-B584-4271-A149-9E97BA18279E}.Release|Any CPU.Build.0 = Release|Any CPU
	EndGlobalSection
	GlobalSection(SolutionProperties) = preSolution
		HideSolutionNode = FALSE
	EndGlobalSection
	GlobalSection(ExtensibilityGlobals) = postSolution
		SolutionGuid = {F596B992-DC73-423F-B29F-65D752BEB036}
	EndGlobalSection
EndGlobal
